PODS:
  - LTMorphingLabel (0.4.0)
  - SnapKit (3.2.0)

DEPENDENCIES:
  - LTMorphingLabel
  - SnapKit

SPEC CHECKSUMS:
  LTMorphingLabel: d9a85f16ac306f0e07321d6819964deb2dc69638
  SnapKit: 1ca44df72cfa543218d177cb8aab029d10d86ea7

PODFILE CHECKSUM: 479445d85b3c0519136e530fe99e5ca68ee9090d

COCOAPODS: 1.2.1
